
Microsoft Visual Studio Solution File, Format Version 12.00
Project("{FAE04EC0-301F-11D3-BF4B-00C04F79EFBC}") = "Calculator", "Calculator\Calculator.csproj", "{F3042414-9498-435B-83CC-E08939A99A8A}"
EndProject
Project("{FAE04EC0-301F-11D3-BF4B-00C04F79EFBC}") = "TestCalculator", "TestCalculator\TestCalculator.csproj", "{51905E6A-C7C5-4190-A775-36E5FA794FAD}"
EndProject
Project("{FAE04EC0-301F-11D3-BF4B-00C04F79EFBC}") = "SortNumbers", "SortNumbers\SortNumbers.csproj", "{304B6444-6524-472E-82E9-0516378C3D94}"
EndProject
Project("{FAE04EC0-301F-11D3-BF4B-00C04F79EFBC}") = "HelloWorld", "HelloWorld\HelloWorld.csproj", "{5A983BEC-94BB-4069-97B6-E66D733DDA4C}"
EndProject
Project("{FAE04EC0-301F-11D3-BF4B-00C04F79EFBC}") = "InventorySystem", "InventorySystem\InventorySystem.csproj", "{DFCFBD31-21F2-4BC7-9243-876BDC94A954}"
EndProject
Project("{FAE04EC0-301F-11D3-BF4B-00C04F79EFBC}") = "ShapesDrawing", "ShapesDrawing\ShapesDrawing.csproj", "{777F1DC0-98BC-4AED-8EF0-04CFF66F3CA8}"
EndProject
Project("{FAE04EC0-301F-11D3-BF4B-00C04F79EFBC}") = "UnderstandingLINQ", "UnderstandingLINQ\UnderstandingLINQ.csproj", "{E4E52A52-9271-4209-A448-E43083970143}"
EndProject
Project("{FAE04EC0-301F-11D3-BF4B-00C04F79EFBC}") = "TransactionsLINQ", "TransactionsLINQ\TransactionsLINQ.csproj", "{5D2CA61B-3576-4C80-B7CF-D72C2E033E0E}"
EndProject
Project("{FAE04EC0-301F-11D3-BF4B-00C04F79EFBC}") = "AsynchronousFileReader", "AsynchronousFileReader\AsynchronousFileReader.csproj", "{C68D4CB7-8347-46AF-AC82-FB8C6562B6B0}"
EndProject
Project("{FAE04EC0-301F-11D3-BF4B-00C04F79EFBC}") = "MultiThreadedDataProcessing", "MultiThreadedDataProcessing\MultiThreadedDataProcessing.csproj", "{B5A32DC9-34C8-4DB9-BF80-3696E9D2BB97}"
EndProject
Project("{FAE04EC0-301F-11D3-BF4B-00C04F79EFBC}") = "ORMConcepts", "ORMConcepts\ORMConcepts.csproj", "{059C3C0A-AF08-4203-A66B-0E804370DD85}"
EndProject
Project("{FAE04EC0-301F-11D3-BF4B-00C04F79EFBC}") = "MVCTodo", "MVCTodo\MVCTodo.csproj", "{413801A5-BBC6-4C34-A560-6A0C0E243B7F}"
EndProject
Project("{FAE04EC0-301F-11D3-BF4B-00C04F79EFBC}") = "Book API", "Book API\Book API.csproj", "{E0458C31-F0ED-4C69-946B-A076EF0A0FC3}"
EndProject
Project("{FAE04EC0-301F-11D3-BF4B-00C04F79EFBC}") = "BookAPP", "BookAPP\BookAPP.csproj", "{F3C908A9-A7A7-4DC3-873B-F77496DF97E0}"
EndProject
Project("{FAE04EC0-301F-11D3-BF4B-00C04F79EFBC}") = "DockerBooksAPI", "DockerBooksAPI\DockerBooksAPI.csproj", "{EC31A51D-2D94-47B6-9840-1FF39DE95C32}"
EndProject
Project("{FAE04EC0-301F-11D3-BF4B-00C04F79EFBC}") = "DockerMVC", "DockerMVC\DockerMVC.csproj", "{A8083D5F-227C-4051-B8D9-ED573198071B}"
EndProject
Global
	GlobalSection(SolutionConfigurationPlatforms) = preSolution
		Debug|Any CPU = Debug|Any CPU
		Release|Any CPU = Release|Any CPU
	EndGlobalSection
	GlobalSection(ProjectConfigurationPlatforms) = postSolution
		{F3042414-9498-435B-83CC-E08939A99A8A}.Debug|Any CPU.ActiveCfg = Debug|Any CPU
		{F3042414-9498-435B-83CC-E08939A99A8A}.Debug|Any CPU.Build.0 = Debug|Any CPU
		{F3042414-9498-435B-83CC-E08939A99A8A}.Release|Any CPU.ActiveCfg = Release|Any CPU
		{F3042414-9498-435B-83CC-E08939A99A8A}.Release|Any CPU.Build.0 = Release|Any CPU
		{51905E6A-C7C5-4190-A775-36E5FA794FAD}.Debug|Any CPU.ActiveCfg = Debug|Any CPU
		{51905E6A-C7C5-4190-A775-36E5FA794FAD}.Debug|Any CPU.Build.0 = Debug|Any CPU
		{51905E6A-C7C5-4190-A775-36E5FA794FAD}.Release|Any CPU.ActiveCfg = Release|Any CPU
		{51905E6A-C7C5-4190-A775-36E5FA794FAD}.Release|Any CPU.Build.0 = Release|Any CPU
		{304B6444-6524-472E-82E9-0516378C3D94}.Debug|Any CPU.ActiveCfg = Debug|Any CPU
		{304B6444-6524-472E-82E9-0516378C3D94}.Debug|Any CPU.Build.0 = Debug|Any CPU
		{304B6444-6524-472E-82E9-0516378C3D94}.Release|Any CPU.ActiveCfg = Release|Any CPU
		{304B6444-6524-472E-82E9-0516378C3D94}.Release|Any CPU.Build.0 = Release|Any CPU
		{5A983BEC-94BB-4069-97B6-E66D733DDA4C}.Debug|Any CPU.ActiveCfg = Debug|Any CPU
		{5A983BEC-94BB-4069-97B6-E66D733DDA4C}.Debug|Any CPU.Build.0 = Debug|Any CPU
		{5A983BEC-94BB-4069-97B6-E66D733DDA4C}.Release|Any CPU.ActiveCfg = Release|Any CPU
		{5A983BEC-94BB-4069-97B6-E66D733DDA4C}.Release|Any CPU.Build.0 = Release|Any CPU
		{DFCFBD31-21F2-4BC7-9243-876BDC94A954}.Debug|Any CPU.ActiveCfg = Debug|Any CPU
		{DFCFBD31-21F2-4BC7-9243-876BDC94A954}.Debug|Any CPU.Build.0 = Debug|Any CPU
		{DFCFBD31-21F2-4BC7-9243-876BDC94A954}.Release|Any CPU.ActiveCfg = Release|Any CPU
		{DFCFBD31-21F2-4BC7-9243-876BDC94A954}.Release|Any CPU.Build.0 = Release|Any CPU
		{777F1DC0-98BC-4AED-8EF0-04CFF66F3CA8}.Debug|Any CPU.ActiveCfg = Debug|Any CPU
		{777F1DC0-98BC-4AED-8EF0-04CFF66F3CA8}.Debug|Any CPU.Build.0 = Debug|Any CPU
		{777F1DC0-98BC-4AED-8EF0-04CFF66F3CA8}.Release|Any CPU.ActiveCfg = Release|Any CPU
		{777F1DC0-98BC-4AED-8EF0-04CFF66F3CA8}.Release|Any CPU.Build.0 = Release|Any CPU
		{E4E52A52-9271-4209-A448-E43083970143}.Debug|Any CPU.ActiveCfg = Debug|Any CPU
		{E4E52A52-9271-4209-A448-E43083970143}.Debug|Any CPU.Build.0 = Debug|Any CPU
		{E4E52A52-9271-4209-A448-E43083970143}.Release|Any CPU.ActiveCfg = Release|Any CPU
		{E4E52A52-9271-4209-A448-E43083970143}.Release|Any CPU.Build.0 = Release|Any CPU
		{5D2CA61B-3576-4C80-B7CF-D72C2E033E0E}.Debug|Any CPU.ActiveCfg = Debug|Any CPU
		{5D2CA61B-3576-4C80-B7CF-D72C2E033E0E}.Debug|Any CPU.Build.0 = Debug|Any CPU
		{5D2CA61B-3576-4C80-B7CF-D72C2E033E0E}.Release|Any CPU.ActiveCfg = Release|Any CPU
		{5D2CA61B-3576-4C80-B7CF-D72C2E033E0E}.Release|Any CPU.Build.0 = Release|Any CPU
		{C68D4CB7-8347-46AF-AC82-FB8C6562B6B0}.Debug|Any CPU.ActiveCfg = Debug|Any CPU
		{C68D4CB7-8347-46AF-AC82-FB8C6562B6B0}.Debug|Any CPU.Build.0 = Debug|Any CPU
		{C68D4CB7-8347-46AF-AC82-FB8C6562B6B0}.Release|Any CPU.ActiveCfg = Release|Any CPU
		{C68D4CB7-8347-46AF-AC82-FB8C6562B6B0}.Release|Any CPU.Build.0 = Release|Any CPU
		{B5A32DC9-34C8-4DB9-BF80-3696E9D2BB97}.Debug|Any CPU.ActiveCfg = Debug|Any CPU
		{B5A32DC9-34C8-4DB9-BF80-3696E9D2BB97}.Debug|Any CPU.Build.0 = Debug|Any CPU
		{B5A32DC9-34C8-4DB9-BF80-3696E9D2BB97}.Release|Any CPU.ActiveCfg = Release|Any CPU
		{B5A32DC9-34C8-4DB9-BF80-3696E9D2BB97}.Release|Any CPU.Build.0 = Release|Any CPU
		{059C3C0A-AF08-4203-A66B-0E804370DD85}.Debug|Any CPU.ActiveCfg = Debug|Any CPU
		{059C3C0A-AF08-4203-A66B-0E804370DD85}.Debug|Any CPU.Build.0 = Debug|Any CPU
		{059C3C0A-AF08-4203-A66B-0E804370DD85}.Release|Any CPU.ActiveCfg = Release|Any CPU
		{059C3C0A-AF08-4203-A66B-0E804370DD85}.Release|Any CPU.Build.0 = Release|Any CPU
		{413801A5-BBC6-4C34-A560-6A0C0E243B7F}.Debug|Any CPU.ActiveCfg = Debug|Any CPU
		{413801A5-BBC6-4C34-A560-6A0C0E243B7F}.Debug|Any CPU.Build.0 = Debug|Any CPU
		{413801A5-BBC6-4C34-A560-6A0C0E243B7F}.Release|Any CPU.ActiveCfg = Release|Any CPU
		{413801A5-BBC6-4C34-A560-6A0C0E243B7F}.Release|Any CPU.Build.0 = Release|Any CPU
		{E0458C31-F0ED-4C69-946B-A076EF0A0FC3}.Debug|Any CPU.ActiveCfg = Debug|Any CPU
		{E0458C31-F0ED-4C69-946B-A076EF0A0FC3}.Debug|Any CPU.Build.0 = Debug|Any CPU
		{E0458C31-F0ED-4C69-946B-A076EF0A0FC3}.Release|Any CPU.ActiveCfg = Release|Any CPU
		{E0458C31-F0ED-4C69-946B-A076EF0A0FC3}.Release|Any CPU.Build.0 = Release|Any CPU
		{F3C908A9-A7A7-4DC3-873B-F77496DF97E0}.Debug|Any CPU.ActiveCfg = Debug|Any CPU
		{F3C908A9-A7A7-4DC3-873B-F77496DF97E0}.Debug|Any CPU.Build.0 = Debug|Any CPU
		{F3C908A9-A7A7-4DC3-873B-F77496DF97E0}.Release|Any CPU.ActiveCfg = Release|Any CPU
		{F3C908A9-A7A7-4DC3-873B-F77496DF97E0}.Release|Any CPU.Build.0 = Release|Any CPU
		{EC31A51D-2D94-47B6-9840-1FF39DE95C32}.Debug|Any CPU.ActiveCfg = Debug|Any CPU
		{EC31A51D-2D94-47B6-9840-1FF39DE95C32}.Debug|Any CPU.Build.0 = Debug|Any CPU
		{EC31A51D-2D94-47B6-9840-1FF39DE95C32}.Release|Any CPU.ActiveCfg = Release|Any CPU
		{EC31A51D-2D94-47B6-9840-1FF39DE95C32}.Release|Any CPU.Build.0 = Release|Any CPU
		{A8083D5F-227C-4051-B8D9-ED573198071B}.Debug|Any CPU.ActiveCfg = Debug|Any CPU
		{A8083D5F-227C-4051-B8D9-ED573198071B}.Debug|Any CPU.Build.0 = Debug|Any CPU
		{A8083D5F-227C-4051-B8D9-ED573198071B}.Release|Any CPU.ActiveCfg = Release|Any CPU
		{A8083D5F-227C-4051-B8D9-ED573198071B}.Release|Any CPU.Build.0 = Release|Any CPU
	EndGlobalSection
EndGlobal
